
Microsoft Visual Studio Solution File, Format Version 12.00
# Visual Studio Version 16
VisualStudioVersion = 16.0.29905.134
MinimumVisualStudioVersion = 10.0.40219.1
Project("{9A19103F-16F7-4668-BE54-9A1E7A4F7556}") = "SharpDL", "SharpDL\SharpDL.csproj", "{A729D15F-00A2-4C70-AC31-DC8B85DE51A7}"
EndProject
Project("{FAE04EC0-301F-11D3-BF4B-00C04F79EFBC}") = "SharpDL.Events", "SharpDL.Events\SharpDL.Events.csproj", "{946E623F-498A-48E8-BD53-2C37D5A046CA}"
EndProject
Project("{FAE04EC0-301F-11D3-BF4B-00C04F79EFBC}") = "SharpDL.Graphics", "SharpDL.Graphics\SharpDL.Graphics.csproj", "{CDF8D75B-A09D-4F89-A7A6-60155D692292}"
EndProject
Project("{FAE04EC0-301F-11D3-BF4B-00C04F79EFBC}") = "SharpDL.Input", "SharpDL.Input\SharpDL.Input.csproj", "{94972A9D-B717-499F-892B-5803987F1A86}"
EndProject
Project("{FAE04EC0-301F-11D3-BF4B-00C04F79EFBC}") = "SharpDL.Shared", "SharpDL.Shared\SharpDL.Shared.csproj", "{9E17EC2C-D3DF-419D-BC3C-53D5F4E2C025}"
EndProject
Global
	GlobalSection(SolutionConfigurationPlatforms) = preSolution
		Debug|Any CPU = Debug|Any CPU
		Release|Any CPU = Release|Any CPU
	EndGlobalSection
	GlobalSection(ProjectConfigurationPlatforms) = postSolution
		{A729D15F-00A2-4C70-AC31-DC8B85DE51A7}.Debug|Any CPU.ActiveCfg = Debug|Any CPU
		{A729D15F-00A2-4C70-AC31-DC8B85DE51A7}.Debug|Any CPU.Build.0 = Debug|Any CPU
		{A729D15F-00A2-4C70-AC31-DC8B85DE51A7}.Release|Any CPU.ActiveCfg = Release|Any CPU
		{A729D15F-00A2-4C70-AC31-DC8B85DE51A7}.Release|Any CPU.Build.0 = Release|Any CPU
		{946E623F-498A-48E8-BD53-2C37D5A046CA}.Debug|Any CPU.ActiveCfg = Debug|Any CPU
		{946E623F-498A-48E8-BD53-2C37D5A046CA}.Debug|Any CPU.Build.0 = Debug|Any CPU
		{946E623F-498A-48E8-BD53-2C37D5A046CA}.Release|Any CPU.ActiveCfg = Release|Any CPU
		{946E623F-498A-48E8-BD53-2C37D5A046CA}.Release|Any CPU.Build.0 = Release|Any CPU
		{CDF8D75B-A09D-4F89-A7A6-60155D692292}.Debug|Any CPU.ActiveCfg = Debug|Any CPU
		{CDF8D75B-A09D-4F89-A7A6-60155D692292}.Debug|Any CPU.Build.0 = Debug|Any CPU
		{CDF8D75B-A09D-4F89-A7A6-60155D692292}.Release|Any CPU.ActiveCfg = Release|Any CPU
		{CDF8D75B-A09D-4F89-A7A6-60155D692292}.Release|Any CPU.Build.0 = Release|Any CPU
		{94972A9D-B717-499F-892B-5803987F1A86}.Debug|Any CPU.ActiveCfg = Debug|Any CPU
		{94972A9D-B717-499F-892B-5803987F1A86}.Debug|Any CPU.Build.0 = Debug|Any CPU
		{94972A9D-B717-499F-892B-5803987F1A86}.Release|Any CPU.ActiveCfg = Release|Any CPU
		{94972A9D-B717-499F-892B-5803987F1A86}.Release|Any CPU.Build.0 = Release|Any CPU
		{9E17EC2C-D3DF-419D-BC3C-53D5F4E2C025}.Debug|Any CPU.ActiveCfg = Debug|Any CPU
		{9E17EC2C-D3DF-419D-BC3C-53D5F4E2C025}.Debug|Any CPU.Build.0 = Debug|Any CPU
		{9E17EC2C-D3DF-419D-BC3C-53D5F4E2C025}.Release|Any CPU.ActiveCfg = Release|Any CPU
		{9E17EC2C-D3DF-419D-BC3C-53D5F4E2C025}.Release|Any CPU.Build.0 = Release|Any CPU
	EndGlobalSection
	GlobalSection(SolutionProperties) = preSolution
		HideSolutionNode = FALSE
	EndGlobalSection
	GlobalSection(ExtensibilityGlobals) = postSolution
		SolutionGuid = {8FB3848B-E4DB-41D9-A924-D9C258748B3F}
	EndGlobalSection
EndGlobal
