
Microsoft Visual Studio Solution File, Format Version 12.00
# Visual Studio 2012
Project("{FAE04EC0-301F-11D3-BF4B-00C04F79EFBC}") = "SharpDL_Sample1", "SharpDL_Sample1\SharpDL_Sample1.csproj", "{02BE1B50-6176-43E3-9C4D-48DE67F89CA6}"
EndProject
Global
	GlobalSection(SolutionConfigurationPlatforms) = preSolution
		Debug|Any CPU = Debug|Any CPU
		Release|Any CPU = Release|Any CPU
	EndGlobalSection
	GlobalSection(ProjectConfigurationPlatforms) = postSolution
		{02BE1B50-6176-43E3-9C4D-48DE67F89CA6}.Debug|Any CPU.ActiveCfg = Debug|Any CPU
		{02BE1B50-6176-43E3-9C4D-48DE67F89CA6}.Debug|Any CPU.Build.0 = Debug|Any CPU
		{02BE1B50-6176-43E3-9C4D-48DE67F89CA6}.Release|Any CPU.ActiveCfg = Release|Any CPU
		{02BE1B50-6176-43E3-9C4D-48DE67F89CA6}.Release|Any CPU.Build.0 = Release|Any CPU
	EndGlobalSection
	GlobalSection(SolutionProperties) = preSolution
		HideSolutionNode = FALSE
	EndGlobalSection
EndGlobal
