
Microsoft Visual Studio Solution File, Format Version 12.00
# Visual Studio Version 16
VisualStudioVersion = 16.0.29905.134
MinimumVisualStudioVersion = 10.0.40219.1
Project("{FAE04EC0-301F-11D3-BF4B-00C04F79EFBC}") = "Example1_BlankWindow", "Example1_BlankWindow\Example1_BlankWindow.csproj", "{A4192667-1033-42F4-9F1E-DA2CC5567547}"
EndProject
Project("{FAE04EC0-301F-11D3-BF4B-00C04F79EFBC}") = "Example2_DrawTexture", "Example2_DrawTexture\Example2_DrawTexture.csproj", "{A877AE4B-FFF1-4447-BE1D-7D18CE034F58}"
EndProject
Global
	GlobalSection(SolutionConfigurationPlatforms) = preSolution
		Debug|Any CPU = Debug|Any CPU
		Debug|x64 = Debug|x64
		Release|Any CPU = Release|Any CPU
		Release|x64 = Release|x64
	EndGlobalSection
	GlobalSection(ProjectConfigurationPlatforms) = postSolution
		{A4192667-1033-42F4-9F1E-DA2CC5567547}.Debug|Any CPU.ActiveCfg = Debug|Any CPU
		{A4192667-1033-42F4-9F1E-DA2CC5567547}.Debug|Any CPU.Build.0 = Debug|Any CPU
		{A4192667-1033-42F4-9F1E-DA2CC5567547}.Debug|x64.ActiveCfg = Debug|Any CPU
		{A4192667-1033-42F4-9F1E-DA2CC5567547}.Debug|x64.Build.0 = Debug|Any CPU
		{A4192667-1033-42F4-9F1E-DA2CC5567547}.Release|Any CPU.ActiveCfg = Release|Any CPU
		{A4192667-1033-42F4-9F1E-DA2CC5567547}.Release|Any CPU.Build.0 = Release|Any CPU
		{A4192667-1033-42F4-9F1E-DA2CC5567547}.Release|x64.ActiveCfg = Release|Any CPU
		{A4192667-1033-42F4-9F1E-DA2CC5567547}.Release|x64.Build.0 = Release|Any CPU
		{A877AE4B-FFF1-4447-BE1D-7D18CE034F58}.Debug|Any CPU.ActiveCfg = Debug|Any CPU
		{A877AE4B-FFF1-4447-BE1D-7D18CE034F58}.Debug|Any CPU.Build.0 = Debug|Any CPU
		{A877AE4B-FFF1-4447-BE1D-7D18CE034F58}.Debug|x64.ActiveCfg = Debug|Any CPU
		{A877AE4B-FFF1-4447-BE1D-7D18CE034F58}.Debug|x64.Build.0 = Debug|Any CPU
		{A877AE4B-FFF1-4447-BE1D-7D18CE034F58}.Release|Any CPU.ActiveCfg = Release|Any CPU
		{A877AE4B-FFF1-4447-BE1D-7D18CE034F58}.Release|Any CPU.Build.0 = Release|Any CPU
		{A877AE4B-FFF1-4447-BE1D-7D18CE034F58}.Release|x64.ActiveCfg = Release|Any CPU
		{A877AE4B-FFF1-4447-BE1D-7D18CE034F58}.Release|x64.Build.0 = Release|Any CPU
	EndGlobalSection
	GlobalSection(SolutionProperties) = preSolution
		HideSolutionNode = FALSE
	EndGlobalSection
	GlobalSection(ExtensibilityGlobals) = postSolution
		SolutionGuid = {AFC4CAB1-8799-4B2D-933D-8BA9954F05C8}
	EndGlobalSection
EndGlobal
